// !$*UTF8*$!
{
	archiveVersion = 1;
	classes = {
	};
	objectVersion = 77;
	objects = {

/* Begin PBXContainerItemProxy section */
		C09EF0282CDF5C36003F6F0F /* PBXContainerItemProxy */ = {
			isa = PBXContainerItemProxy;
			containerPortal = C09EF0092CDF5C35003F6F0F /* Project object */;
			proxyType = 1;
			remoteGlobalIDString = C09EF0102CDF5C35003F6F0F;
			remoteInfo = Appels;
		};
		C09EF0322CDF5C36003F6F0F /* PBXContainerItemProxy */ = {
			isa = PBXContainerItemProxy;
			containerPortal = C09EF0092CDF5C35003F6F0F /* Project object */;
			proxyType = 1;
			remoteGlobalIDString = C09EF0102CDF5C35003F6F0F;
			remoteInfo = Appels;
		};
/* End PBXContainerItemProxy section */

/* Begin PBXFileReference section */
		C09EF0112CDF5C35003F6F0F /* Appels.app */ = {isa = PBXFileReference; explicitFileType = wrapper.application; includeInIndex = 0; path = Appels.app; sourceTree = BUILT_PRODUCTS_DIR; };
		C09EF0272CDF5C36003F6F0F /* AppelsTests.xctest */ = {isa = PBXFileReference; explicitFileType = wrapper.cfbundle; includeInIndex = 0; path = AppelsTests.xctest; sourceTree = BUILT_PRODUCTS_DIR; };
		C09EF0312CDF5C36003F6F0F /* AppelsUITests.xctest */ = {isa = PBXFileReference; explicitFileType = wrapper.cfbundle; includeInIndex = 0; path = AppelsUITests.xctest; sourceTree = BUILT_PRODUCTS_DIR; };
/* End PBXFileReference section */

/* Begin PBXFileSystemSynchronizedBuildFileExceptionSet section */
		C09EF0392CDF5C36003F6F0F /* Exceptions for "Appels" folder in "Appels" target */ = {
			isa = PBXFileSystemSynchronizedBuildFileExceptionSet;
			membershipExceptions = (
				Info.plist,
			);
			target = C09EF0102CDF5C35003F6F0F /* Appels */;
		};
/* End PBXFileSystemSynchronizedBuildFileExceptionSet section */

/* Begin PBXFileSystemSynchronizedRootGroup section */
		C09EF0132CDF5C35003F6F0F /* Appels */ = {
			isa = PBXFileSystemSynchronizedRootGroup;
			exceptions = (
				C09EF0392CDF5C36003F6F0F /* Exceptions for "Appels" folder in "Appels" target */,
			);
			path = Appels;
			sourceTree = "<group>";
		};
		C09EF02A2CDF5C36003F6F0F /* AppelsTests */ = {
			isa = PBXFileSystemSynchronizedRootGroup;
			path = AppelsTests;
			sourceTree = "<group>";
		};
		C09EF0342CDF5C36003F6F0F /* AppelsUITests */ = {
			isa = PBXFileSystemSynchronizedRootGroup;
			path = AppelsUITests;
			sourceTree = "<group>";
		};
/* End PBXFileSystemSynchronizedRootGroup section */

/* Begin PBXFrameworksBuildPhase section */
		C09EF00E2CDF5C35003F6F0F /* Frameworks */ = {
			isa = PBXFrameworksBuildPhase;
			buildActionMask = 2147483647;
			files = (
			);
			runOnlyForDeploymentPostprocessing = 0;
		};
		C09EF0242CDF5C36003F6F0F /* Frameworks */ = {
			isa = PBXFrameworksBuildPhase;
			buildActionMask = 2147483647;
			files = (
			);
			runOnlyForDeploymentPostprocessing = 0;
		};
		C09EF02E2CDF5C36003F6F0F /* Frameworks */ = {
			isa = PBXFrameworksBuildPhase;
			buildActionMask = 2147483647;
			files = (
			);
			runOnlyForDeploymentPostprocessing = 0;
		};
/* End PBXFrameworksBuildPhase section */

/* Begin PBXGroup section */
		C09EF0082CDF5C35003F6F0F = {
			isa = PBXGroup;
			children = (
				C09EF0132CDF5C35003F6F0F /* Appels */,
				C09EF02A2CDF5C36003F6F0F /* AppelsTests */,
				C09EF0342CDF5C36003F6F0F /* AppelsUITests */,
				C09EF0122CDF5C35003F6F0F /* Products */,
			);
			sourceTree = "<group>";
		};
		C09EF0122CDF5C35003F6F0F /* Products */ = {
			isa = PBXGroup;
			children = (
				C09EF0112CDF5C35003F6F0F /* Appels.app */,
				C09EF0272CDF5C36003F6F0F /* AppelsTests.xctest */,
				C09EF0312CDF5C36003F6F0F /* AppelsUITests.xctest */,
			);
			name = Products;
			sourceTree = "<group>";
		};
/* End PBXGroup section */

/* Begin PBXNativeTarget section */
		C09EF0102CDF5C35003F6F0F /* Appels */ = {
			isa = PBXNativeTarget;
			buildConfigurationList = C09EF03A2CDF5C36003F6F0F /* Build configuration list for PBXNativeTarget "Appels" */;
			buildPhases = (
				C09EF00D2CDF5C35003F6F0F /* Sources */,
				C09EF00E2CDF5C35003F6F0F /* Frameworks */,
				C09EF00F2CDF5C35003F6F0F /* Resources */,
			);
			buildRules = (
			);
			dependencies = (
			);
			fileSystemSynchronizedGroups = (
				C09EF0132CDF5C35003F6F0F /* Appels */,
			);
			name = Appels;
			packageProductDependencies = (
			);
			productName = Appels;
			productReference = C09EF0112CDF5C35003F6F0F /* Appels.app */;
			productType = "com.apple.product-type.application";
		};
		C09EF0262CDF5C36003F6F0F /* AppelsTests */ = {
			isa = PBXNativeTarget;
			buildConfigurationList = C09EF03F2CDF5C36003F6F0F /* Build configuration list for PBXNativeTarget "AppelsTests" */;
			buildPhases = (
				C09EF0232CDF5C36003F6F0F /* Sources */,
				C09EF0242CDF5C36003F6F0F /* Frameworks */,
				C09EF0252CDF5C36003F6F0F /* Resources */,
			);
			buildRules = (
			);
			dependencies = (
				C09EF0292CDF5C36003F6F0F /* PBXTargetDependency */,
			);
			fileSystemSynchronizedGroups = (
				C09EF02A2CDF5C36003F6F0F /* AppelsTests */,
			);
			name = AppelsTests;
			packageProductDependencies = (
			);
			productName = AppelsTests;
			productReference = C09EF0272CDF5C36003F6F0F /* AppelsTests.xctest */;
			productType = "com.apple.product-type.bundle.unit-test";
		};
		C09EF0302CDF5C36003F6F0F /* AppelsUITests */ = {
			isa = PBXNativeTarget;
			buildConfigurationList = C09EF0422CDF5C36003F6F0F /* Build configuration list for PBXNativeTarget "AppelsUITests" */;
			buildPhases = (
				C09EF02D2CDF5C36003F6F0F /* Sources */,
				C09EF02E2CDF5C36003F6F0F /* Frameworks */,
				C09EF02F2CDF5C36003F6F0F /* Resources */,
			);
			buildRules = (
			);
			dependencies = (
				C09EF0332CDF5C36003F6F0F /* PBXTargetDependency */,
			);
			fileSystemSynchronizedGroups = (
				C09EF0342CDF5C36003F6F0F /* AppelsUITests */,
			);
			name = AppelsUITests;
			packageProductDependencies = (
			);
			productName = AppelsUITests;
			productReference = C09EF0312CDF5C36003F6F0F /* AppelsUITests.xctest */;
			productType = "com.apple.product-type.bundle.ui-testing";
		};
/* End PBXNativeTarget section */

/* Begin PBXProject section */
		C09EF0092CDF5C35003F6F0F /* Project object */ = {
			isa = PBXProject;
			attributes = {
				BuildIndependentTargetsInParallel = 1;
				LastSwiftUpdateCheck = 1610;
				LastUpgradeCheck = 1610;
				TargetAttributes = {
					C09EF0102CDF5C35003F6F0F = {
						CreatedOnToolsVersion = 16.1;
					};
					C09EF0262CDF5C36003F6F0F = {
						CreatedOnToolsVersion = 16.1;
						TestTargetID = C09EF0102CDF5C35003F6F0F;
					};
					C09EF0302CDF5C36003F6F0F = {
						CreatedOnToolsVersion = 16.1;
						TestTargetID = C09EF0102CDF5C35003F6F0F;
					};
				};
			};
			buildConfigurationList = C09EF00C2CDF5C35003F6F0F /* Build configuration list for PBXProject "Appels" */;
			developmentRegion = en;
			hasScannedForEncodings = 0;
			knownRegions = (
				en,
				Base,
			);
			mainGroup = C09EF0082CDF5C35003F6F0F;
			minimizedProjectReferenceProxies = 1;
			preferredProjectObjectVersion = 77;
			productRefGroup = C09EF0122CDF5C35003F6F0F /* Products */;
			projectDirPath = "";
			projectRoot = "";
			targets = (
				C09EF0102CDF5C35003F6F0F /* Appels */,
				C09EF0262CDF5C36003F6F0F /* AppelsTests */,
				C09EF0302CDF5C36003F6F0F /* AppelsUITests */,
			);
		};
/* End PBXProject section */

/* Begin PBXResourcesBuildPhase section */
		C09EF00F2CDF5C35003F6F0F /* Resources */ = {
			isa = PBXResourcesBuildPhase;
			buildActionMask = 2147483647;
			files = (
			);
			runOnlyForDeploymentPostprocessing = 0;
		};
		C09EF0252CDF5C36003F6F0F /* Resources */ = {
			isa = PBXResourcesBuildPhase;
			buildActionMask = 2147483647;
			files = (
			);
			runOnlyForDeploymentPostprocessing = 0;
		};
		C09EF02F2CDF5C36003F6F0F /* Resources */ = {
			isa = PBXResourcesBuildPhase;
			buildActionMask = 2147483647;
			files = (
			);
			runOnlyForDeploymentPostprocessing = 0;
		};
/* End PBXResourcesBuildPhase section */

/* Begin PBXSourcesBuildPhase section */
		C09EF00D2CDF5C35003F6F0F /* Sources */ = {
			isa = PBXSourcesBuildPhase;
			buildActionMask = 2147483647;
			files = (
			);
			runOnlyForDeploymentPostprocessing = 0;
		};
		C09EF0232CDF5C36003F6F0F /* Sources */ = {
			isa = PBXSourcesBuildPhase;
			buildActionMask = 2147483647;
			files = (
			);
			runOnlyForDeploymentPostprocessing = 0;
		};
		C09EF02D2CDF5C36003F6F0F /* Sources */ = {
			isa = PBXSourcesBuildPhase;
			buildActionMask = 2147483647;
			files = (
			);
			runOnlyForDeploymentPostprocessing = 0;
		};
/* End PBXSourcesBuildPhase section */

/* Begin PBXTargetDependency section */
		C09EF0292CDF5C36003F6F0F /* PBXTargetDependency */ = {
			isa = PBXTargetDependency;
			target = C09EF0102CDF5C35003F6F0F /* Appels */;
			targetProxy = C09EF0282CDF5C36003F6F0F /* PBXContainerItemProxy */;
		};
		C09EF0332CDF5C36003F6F0F /* PBXTargetDependency */ = {
			isa = PBXTargetDependency;
			target = C09EF0102CDF5C35003F6F0F /* Appels */;
			targetProxy = C09EF0322CDF5C36003F6F0F /* PBXContainerItemProxy */;
		};
/* End PBXTargetDependency section */

/* Begin XCBuildConfiguration section */
		C09EF03B2CDF5C36003F6F0F /* Debug */ = {
			isa = XCBuildConfiguration;
			buildSettings = {
				ASSETCATALOG_COMPILER_APPICON_NAME = AppIcon;
				ASSETCATALOG_COMPILER_GLOBAL_ACCENT_COLOR_NAME = AccentColor;
				CODE_SIGN_STYLE = Automatic;
				CURRENT_PROJECT_VERSION = 1;
				GENERATE_INFOPLIST_FILE = YES;
				INFOPLIST_FILE = Appels/Info.plist;
				INFOPLIST_KEY_UIApplicationSupportsIndirectInputEvents = YES;
				INFOPLIST_KEY_UILaunchStoryboardName = LaunchScreen;
				INFOPLIST_KEY_UIMainStoryboardFile = Main;
				INFOPLIST_KEY_UISupportedInterfaceOrientations_iPad = "UIInterfaceOrientationPortrait UIInterfaceOrientationPortraitUpsideDown UIInterfaceOrientationLandscapeLeft UIInterfaceOrientationLandscapeRight";
				INFOPLIST_KEY_UISupportedInterfaceOrientations_iPhone = "UIInterfaceOrientationPortrait UIInterfaceOrientationLandscapeLeft UIInterfaceOrientationLandscapeRight";
				LD_RUNPATH_SEARCH_PATHS = (
					"$(inherited)",
					"@executable_path/Frameworks",
				);
				MARKETING_VERSION = 1.0;
				PRODUCT_BUNDLE_IDENTIFIER = com.pcc.Appels;
				PRODUCT_NAME = "$(TARGET_NAME)";
				SWIFT_EMIT_LOC_STRINGS = YES;
				SWIFT_VERSION = 5.0;
				TARGETED_DEVICE_FAMILY = "1,2";
			};
			name = Debug;
		};
		C09EF03C2CDF5C36003F6F0F /* Release */ = {
			isa = XCBuildConfiguration;
			buildSettings = {
				ASSETCATALOG_COMPILER_APPICON_NAME = AppIcon;
				ASSETCATALOG_COMPILER_GLOBAL_ACCENT_COLOR_NAME = AccentColor;
				CODE_SIGN_STYLE = Automatic;
				CURRENT_PROJECT_VERSION = 1;
				GENERATE_INFOPLIST_FILE = YES;
				INFOPLIST_FILE = Appels/Info.plist;
				INFOPLIST_KEY_UIApplicationSupportsIndirectInputEvents = YES;
				INFOPLIST_KEY_UILaunchStoryboardName = LaunchScreen;
				INFOPLIST_KEY_UIMainStoryboardFile = Main;
				INFOPLIST_KEY_UISupportedInterfaceOrientations_iPad = "UIInterfaceOrientationPortrait UIInterfaceOrientationPortraitUpsideDown UIInterfaceOrientationLandscapeLeft UIInterfaceOrientationLandscapeRight";
				INFOPLIST_KEY_UISupportedInterfaceOrientations_iPhone = "UIInterfaceOrientationPortrait UIInterfaceOrientationLandscapeLeft UIInterfaceOrientationLandscapeRight";
				LD_RUNPATH_SEARCH_PATHS = (
					"$(inherited)",
					"@executable_path/Frameworks",
				);
				MARKETING_VERSION = 1.0;
				PRODUCT_BUNDLE_IDENTIFIER = com.pcc.Appels;
				PRODUCT_NAME = "$(TARGET_NAME)";
				SWIFT_EMIT_LOC_STRINGS = YES;
				SWIFT_VERSION = 5.0;
				TARGETED_DEVICE_FAMILY = "1,2";
			};
			name = Release;
		};
		C09EF03D2CDF5C36003F6F0F /* Debug */ = {
			isa = XCBuildConfiguration;
			buildSettings = {
				ALWAYS_SEARCH_USER_PATHS = NO;
				ASSETCATALOG_COMPILER_GENERATE_SWIFT_ASSET_SYMBOL_EXTENSIONS = YES;
				CLANG_ANALYZER_NONNULL = YES;
				CLANG_ANALYZER_NUMBER_OBJECT_CONVERSION = YES_AGGRESSIVE;
				CLANG_CXX_LANGUAGE_STANDARD = "gnu++20";
				CLANG_ENABLE_MODULES = YES;
				CLANG_ENABLE_OBJC_ARC = YES;
				CLANG_ENABLE_OBJC_WEAK = YES;
				CLANG_WARN_BLOCK_CAPTURE_AUTORELEASING = YES;
				CLANG_WARN_BOOL_CONVERSION = YES;
				CLANG_WARN_COMMA = YES;
				CLANG_WARN_CONSTANT_CONVERSION = YES;
				CLANG_WARN_DEPRECATED_OBJC_IMPLEMENTATIONS = YES;
				CLANG_WARN_DIRECT_OBJC_ISA_USAGE = YES_ERROR;
				CLANG_WARN_DOCUMENTATION_COMMENTS = YES;
				CLANG_WARN_EMPTY_BODY = YES;
				CLANG_WARN_ENUM_CONVERSION = YES;
				CLANG_WARN_INFINITE_RECURSION = YES;
				CLANG_WARN_INT_CONVERSION = YES;
				CLANG_WARN_NON_LITERAL_NULL_CONVERSION = YES;
				CLANG_WARN_OBJC_IMPLICIT_RETAIN_SELF = YES;
				CLANG_WARN_OBJC_LITERAL_CONVERSION = YES;
				CLANG_WARN_OBJC_ROOT_CLASS = YES_ERROR;
				CLANG_WARN_QUOTED_INCLUDE_IN_FRAMEWORK_HEADER = YES;
				CLANG_WARN_RANGE_LOOP_ANALYSIS = YES;
				CLANG_WARN_STRICT_PROTOTYPES = YES;
				CLANG_WARN_SUSPICIOUS_MOVE = YES;
				CLANG_WARN_UNGUARDED_AVAILABILITY = YES_AGGRESSIVE;
				CLANG_WARN_UNREACHABLE_CODE = YES;
				CLANG_WARN__DUPLICATE_METHOD_MATCH = YES;
				COPY_PHASE_STRIP = NO;
				DEBUG_INFORMATION_FORMAT = dwarf;
				ENABLE_STRICT_OBJC_MSGSEND = YES;
				ENABLE_TESTABILITY = YES;
				ENABLE_USER_SCRIPT_SANDBOXING = YES;
				GCC_C_LANGUAGE_STANDARD = gnu17;
				GCC_DYNAMIC_NO_PIC = NO;
				GCC_NO_COMMON_BLOCKS = YES;
				GCC_OPTIMIZATION_LEVEL = 0;
				GCC_PREPROCESSOR_DEFINITIONS = (
					"DEBUG=1",
					"$(inherited)",
				);
				GCC_WARN_64_TO_32_BIT_CONVERSION = YES;
				GCC_WARN_ABOUT_RETURN_TYPE = YES_ERROR;
				GCC_WARN_UNDECLARED_SELECTOR = YES;
				GCC_WARN_UNINITIALIZED_AUTOS = YES_AGGRESSIVE;
				GCC_WARN_UNUSED_FUNCTION = YES;
				GCC_WARN_UNUSED_VARIABLE = YES;
				IPHONEOS_DEPLOYMENT_TARGET = 18.1;
				LOCALIZATION_PREFERS_STRING_CATALOGS = YES;
				MTL_ENABLE_DEBUG_INFO = INCLUDE_SOURCE;
				MTL_FAST_MATH = YES;
				ONLY_ACTIVE_ARCH = YES;
				SDKROOT = iphoneos;
				SWIFT_ACTIVE_COMPILATION_CONDITIONS = "DEBUG $(inherited)";
				SWIFT_OPTIMIZATION_LEVEL = "-Onone";
			};
			name = Debug;
		};
		C09EF03E2CDF5C36003F6F0F /* Release */ = {
			isa = XCBuildConfiguration;
			buildSettings = {
				ALWAYS_SEARCH_USER_PATHS = NO;
				ASSETCATALOG_COMPILER_GENERATE_SWIFT_ASSET_SYMBOL_EXTENSIONS = YES;
				CLANG_ANALYZER_NONNULL = YES;
				CLANG_ANALYZER_NUMBER_OBJECT_CONVERSION = YES_AGGRESSIVE;
				CLANG_CXX_LANGUAGE_STANDARD = "gnu++20";
				CLANG_ENABLE_MODULES = YES;
				CLANG_ENABLE_OBJC_ARC = YES;
				CLANG_ENABLE_OBJC_WEAK = YES;
				CLANG_WARN_BLOCK_CAPTURE_AUTORELEASING = YES;
				CLANG_WARN_BOOL_CONVERSION = YES;
				CLANG_WARN_COMMA = YES;
				CLANG_WARN_CONSTANT_CONVERSION = YES;
				CLANG_WARN_DEPRECATED_OBJC_IMPLEMENTATIONS = YES;
				CLANG_WARN_DIRECT_OBJC_ISA_USAGE = YES_ERROR;
				CLANG_WARN_DOCUMENTATION_COMMENTS = YES;
				CLANG_WARN_EMPTY_BODY = YES;
				CLANG_WARN_ENUM_CONVERSION = YES;
				CLANG_WARN_INFINITE_RECURSION = YES;
				CLANG_WARN_INT_CONVERSION = YES;
				CLANG_WARN_NON_LITERAL_NULL_CONVERSION = YES;
				CLANG_WARN_OBJC_IMPLICIT_RETAIN_SELF = YES;
				CLANG_WARN_OBJC_LITERAL_CONVERSION = YES;
				CLANG_WARN_OBJC_ROOT_CLASS = YES_ERROR;
				CLANG_WARN_QUOTED_INCLUDE_IN_FRAMEWORK_HEADER = YES;
				CLANG_WARN_RANGE_LOOP_ANALYSIS = YES;
				CLANG_WARN_STRICT_PROTOTYPES = YES;
				CLANG_WARN_SUSPICIOUS_MOVE = YES;
				CLANG_WARN_UNGUARDED_AVAILABILITY = YES_AGGRESSIVE;
				CLANG_WARN_UNREACHABLE_CODE = YES;
				CLANG_WARN__DUPLICATE_METHOD_MATCH = YES;
				COPY_PHASE_STRIP = NO;
				DEBUG_INFORMATION_FORMAT = "dwarf-with-dsym";
				ENABLE_NS_ASSERTIONS = NO;
				ENABLE_STRICT_OBJC_MSGSEND = YES;
				ENABLE_USER_SCRIPT_SANDBOXING = YES;
				GCC_C_LANGUAGE_STANDARD = gnu17;
				GCC_NO_COMMON_BLOCKS = YES;
				GCC_WARN_64_TO_32_BIT_CONVERSION = YES;
				GCC_WARN_ABOUT_RETURN_TYPE = YES_ERROR;
				GCC_WARN_UNDECLARED_SELECTOR = YES;
				GCC_WARN_UNINITIALIZED_AUTOS = YES_AGGRESSIVE;
				GCC_WARN_UNUSED_FUNCTION = YES;
				GCC_WARN_UNUSED_VARIABLE = YES;
				IPHONEOS_DEPLOYMENT_TARGET = 18.1;
				LOCALIZATION_PREFERS_STRING_CATALOGS = YES;
				MTL_ENABLE_DEBUG_INFO = NO;
				MTL_FAST_MATH = YES;
				SDKROOT = iphoneos;
				SWIFT_COMPILATION_MODE = wholemodule;
				VALIDATE_PRODUCT = YES;
			};
			name = Release;
		};
		C09EF0402CDF5C36003F6F0F /* Debug */ = {
			isa = XCBuildConfiguration;
			buildSettings = {
				BUNDLE_LOADER = "$(TEST_HOST)";
				CODE_SIGN_STYLE = Automatic;
				CURRENT_PROJECT_VERSION = 1;
				GENERATE_INFOPLIST_FILE = YES;
				IPHONEOS_DEPLOYMENT_TARGET = 18.1;
				MARKETING_VERSION = 1.0;
				PRODUCT_BUNDLE_IDENTIFIER = com.pcc.AppelsTests;
				PRODUCT_NAME = "$(TARGET_NAME)";
				SWIFT_EMIT_LOC_STRINGS = NO;
				SWIFT_VERSION = 5.0;
				TARGETED_DEVICE_FAMILY = "1,2";
				TEST_HOST = "$(BUILT_PRODUCTS_DIR)/Appels.app/$(BUNDLE_EXECUTABLE_FOLDER_PATH)/Appels";
			};
			name = Debug;
		};
		C09EF0412CDF5C36003F6F0F /* Release */ = {
			isa = XCBuildConfiguration;
			buildSettings = {
				BUNDLE_LOADER = "$(TEST_HOST)";
				CODE_SIGN_STYLE = Automatic;
				CURRENT_PROJECT_VERSION = 1;
				GENERATE_INFOPLIST_FILE = YES;
				IPHONEOS_DEPLOYMENT_TARGET = 18.1;
				MARKETING_VERSION = 1.0;
				PRODUCT_BUNDLE_IDENTIFIER = com.pcc.AppelsTests;
				PRODUCT_NAME = "$(TARGET_NAME)";
				SWIFT_EMIT_LOC_STRINGS = NO;
				SWIFT_VERSION = 5.0;
				TARGETED_DEVICE_FAMILY = "1,2";
				TEST_HOST = "$(BUILT_PRODUCTS_DIR)/Appels.app/$(BUNDLE_EXECUTABLE_FOLDER_PATH)/Appels";
			};
			name = Release;
		};
		C09EF0432CDF5C36003F6F0F /* Debug */ = {
			isa = XCBuildConfiguration;
			buildSettings = {
				CODE_SIGN_STYLE = Automatic;
				CURRENT_PROJECT_VERSION = 1;
				GENERATE_INFOPLIST_FILE = YES;
				MARKETING_VERSION = 1.0;
				PRODUCT_BUNDLE_IDENTIFIER = com.pcc.AppelsUITests;
				PRODUCT_NAME = "$(TARGET_NAME)";
				SWIFT_EMIT_LOC_STRINGS = NO;
				SWIFT_VERSION = 5.0;
				TARGETED_DEVICE_FAMILY = "1,2";
				TEST_TARGET_NAME = Appels;
			};
			name = Debug;
		};
		C09EF0442CDF5C36003F6F0F /* Release */ = {
			isa = XCBuildConfiguration;
			buildSettings = {
				CODE_SIGN_STYLE = Automatic;
				CURRENT_PROJECT_VERSION = 1;
				GENERATE_INFOPLIST_FILE = YES;
				MARKETING_VERSION = 1.0;
				PRODUCT_BUNDLE_IDENTIFIER = com.pcc.AppelsUITests;
				PRODUCT_NAME = "$(TARGET_NAME)";
				SWIFT_EMIT_LOC_STRINGS = NO;
				SWIFT_VERSION = 5.0;
				TARGETED_DEVICE_FAMILY = "1,2";
				TEST_TARGET_NAME = Appels;
			};
			name = Release;
		};
/* End XCBuildConfiguration section */

/* Begin XCConfigurationList section */
		C09EF00C2CDF5C35003F6F0F /* Build configuration list for PBXProject "Appels" */ = {
			isa = XCConfigurationList;
			buildConfigurations = (
				C09EF03D2CDF5C36003F6F0F /* Debug */,
				C09EF03E2CDF5C36003F6F0F /* Release */,
			);
			defaultConfigurationIsVisible = 0;
			defaultConfigurationName = Release;
		};
		C09EF03A2CDF5C36003F6F0F /* Build configuration list for PBXNativeTarget "Appels" */ = {
			isa = XCConfigurationList;
			buildConfigurations = (
				C09EF03B2CDF5C36003F6F0F /* Debug */,
				C09EF03C2CDF5C36003F6F0F /* Release */,
			);
			defaultConfigurationIsVisible = 0;
			defaultConfigurationName = Release;
		};
		C09EF03F2CDF5C36003F6F0F /* Build configuration list for PBXNativeTarget "AppelsTests" */ = {
			isa = XCConfigurationList;
			buildConfigurations = (
				C09EF0402CDF5C36003F6F0F /* Debug */,
				C09EF0412CDF5C36003F6F0F /* Release */,
			);
			defaultConfigurationIsVisible = 0;
			defaultConfigurationName = Release;
		};
		C09EF0422CDF5C36003F6F0F /* Build configuration list for PBXNativeTarget "AppelsUITests" */ = {
			isa = XCConfigurationList;
			buildConfigurations = (
				C09EF0432CDF5C36003F6F0F /* Debug */,
				C09EF0442CDF5C36003F6F0F /* Release */,
			);
			defaultConfigurationIsVisible = 0;
			defaultConfigurationName = Release;
		};
/* End XCConfigurationList section */
	};
	rootObject = C09EF0092CDF5C35003F6F0F /* Project object */;
}
